
Microsoft Visual Studio Solution File, Format Version 12.00
# Visual Studio Version 17
VisualStudioVersion = 17.8.33906.491
MinimumVisualStudioVersion = 10.0.40219.1
Project("{FAE04EC0-301F-11D3-BF4B-00C04F79EFBC}") = "VSIXProject8", "VSIXProject8\VSIXProject8.csproj", "{831C8D02-E754-4B31-BFB0-FF688606F90E}"
EndProject
Project("{2150E333-8FDC-42A3-9474-1A3956D46DE8}") = "Solution Items", "Solution Items", "{665CFF16-AB10-4F6C-9DF3-959192C006B3}"
	ProjectSection(SolutionItems) = preProject
		.gitignore = .gitignore
	EndProjectSection
EndProject
Global
	GlobalSection(SolutionConfigurationPlatforms) = preSolution
		Debug|Any CPU = Debug|Any CPU
		Debug|arm64 = Debug|arm64
		Debug|x86 = Debug|x86
		Release|Any CPU = Release|Any CPU
		Release|arm64 = Release|arm64
		Release|x86 = Release|x86
	EndGlobalSection
	GlobalSection(ProjectConfigurationPlatforms) = postSolution
		{831C8D02-E754-4B31-BFB0-FF688606F90E}.Debug|Any CPU.ActiveCfg = Debug|Any CPU
		{831C8D02-E754-4B31-BFB0-FF688606F90E}.Debug|Any CPU.Build.0 = Debug|Any CPU
		{831C8D02-E754-4B31-BFB0-FF688606F90E}.Debug|arm64.ActiveCfg = Debug|arm64
		{831C8D02-E754-4B31-BFB0-FF688606F90E}.Debug|arm64.Build.0 = Debug|arm64
		{831C8D02-E754-4B31-BFB0-FF688606F90E}.Debug|x86.ActiveCfg = Debug|x86
		{831C8D02-E754-4B31-BFB0-FF688606F90E}.Debug|x86.Build.0 = Debug|x86
		{831C8D02-E754-4B31-BFB0-FF688606F90E}.Release|Any CPU.ActiveCfg = Release|Any CPU
		{831C8D02-E754-4B31-BFB0-FF688606F90E}.Release|Any CPU.Build.0 = Release|Any CPU
		{831C8D02-E754-4B31-BFB0-FF688606F90E}.Release|arm64.ActiveCfg = Release|arm64
		{831C8D02-E754-4B31-BFB0-FF688606F90E}.Release|arm64.Build.0 = Release|arm64
		{831C8D02-E754-4B31-BFB0-FF688606F90E}.Release|x86.ActiveCfg = Release|x86
		{831C8D02-E754-4B31-BFB0-FF688606F90E}.Release|x86.Build.0 = Release|x86
	EndGlobalSection
	GlobalSection(SolutionProperties) = preSolution
		HideSolutionNode = FALSE
	EndGlobalSection
	GlobalSection(ExtensibilityGlobals) = postSolution
		SolutionGuid = {49E9A36F-261B-45B4-A07F-0D794F1809DC}
	EndGlobalSection
EndGlobal
